
Microsoft Visual Studio Solution File, Format Version 12.00
# Visual Studio 15
VisualStudioVersion = 15.0.27130.2020
MinimumVisualStudioVersion = 10.0.40219.1
Project("{888888A0-9F3D-457C-B088-3A5042F75D52}") = "PythonWhiteLibrary", "PythonWhiteLibrary\PythonWhiteLibrary.pyproj", "{AE4B151B-1CA9-4053-99F1-7F31D9730372}"
EndProject
Project("{FAE04EC0-301F-11D3-BF4B-00C04F79EFBC}") = "UIAutomationTest", "UIAutomationTest\UIAutomationTest.csproj", "{00B6613A-0471-4AC8-9CCB-FC39E7D29D1F}"
EndProject
Project("{2150E333-8FDC-42A3-9474-1A3956D46DE8}") = "Solution Items", "Solution Items", "{3F5E5388-5A16-4F8D-9F7C-B65D1D6ADB89}"
	ProjectSection(SolutionItems) = preProject
		run_tests.cmd = run_tests.cmd
	EndProjectSection
EndProject
Global
	GlobalSection(SolutionConfigurationPlatforms) = preSolution
		Debug|Any CPU = Debug|Any CPU
		Release|Any CPU = Release|Any CPU
	EndGlobalSection
	GlobalSection(ProjectConfigurationPlatforms) = postSolution
		{AE4B151B-1CA9-4053-99F1-7F31D9730372}.Debug|Any CPU.ActiveCfg = Debug|Any CPU
		{AE4B151B-1CA9-4053-99F1-7F31D9730372}.Release|Any CPU.ActiveCfg = Release|Any CPU
		{00B6613A-0471-4AC8-9CCB-FC39E7D29D1F}.Debug|Any CPU.ActiveCfg = Debug|Any CPU
		{00B6613A-0471-4AC8-9CCB-FC39E7D29D1F}.Debug|Any CPU.Build.0 = Debug|Any CPU
		{00B6613A-0471-4AC8-9CCB-FC39E7D29D1F}.Release|Any CPU.ActiveCfg = Release|Any CPU
		{00B6613A-0471-4AC8-9CCB-FC39E7D29D1F}.Release|Any CPU.Build.0 = Release|Any CPU
	EndGlobalSection
	GlobalSection(SolutionProperties) = preSolution
		HideSolutionNode = FALSE
	EndGlobalSection
	GlobalSection(ExtensibilityGlobals) = postSolution
		SolutionGuid = {4310EC9B-9ECE-4210-BEF2-D81FA747205B}
	EndGlobalSection
EndGlobal
